<Solution>
  <Folder Name="/src/">
    <Project Path="src/AdventureWorksReports.Legacy.NetFramework/AdventureWorksReports.Legacy.NetFramework.csproj" Id="ecab8e6c-96ae-413f-9404-6f0fac44b2c6" />
    <Project Path="src/AdventureWorksReports.Modern.Net10.Mvc/AdventureWorksReports.Modern.Net10.Mvc.csproj" />
    <Project Path="src/AdventureWorksReports.Modern.Net8.Mvc/AdventureWorksReports.Modern.Net8.Mvc.csproj" />
  </Folder>
</Solution>
